# This file is automatically @generated by Cargo.
# It is not intended for manual editing.
version = 3

[[package]]
name = "store_rs"
version = "0.1.0"
dependencies = [
 "store_rs_core",
]

[[package]]
name = "store_rs_core"
version = "0.1.0"
source = "registry+https://github.com/rust-lang/crates.io-index"
checksum = "255259bfe7d4cd658cca1544ffb3745054f95b28babb09be684fd9b4605c36d9"
